
Microsoft Visual Studio Solution File, Format Version 12.00
# Visual Studio Version 17
VisualStudioVersion = 17.4.33110.190
MinimumVisualStudioVersion = 10.0.40219.1
Project("{9A19103F-16F7-4668-BE54-9A1E7A4F7556}") = "MediaGallery", "MediaGallery\MediaGallery.csproj", "{7159996A-4248-436D-9111-49DABB895B90}"
EndProject
Project("{2150E333-8FDC-42A3-9474-1A3956D46DE8}") = "Solution Items", "Solution Items", "{F337CBA8-48D0-4AAA-96A7-A149DB693136}"
EndProject
Project("{FAE04EC0-301F-11D3-BF4B-00C04F79EFBC}") = "Sample", "Sample\Sample.csproj", "{A77645E0-AE5C-4A88-8AF4-34E3976EEA67}"
EndProject
Global
	GlobalSection(SolutionConfigurationPlatforms) = preSolution
		Debug|Any CPU = Debug|Any CPU
		Debug|iPhone = Debug|iPhone
		Debug|iPhoneSimulator = Debug|iPhoneSimulator
		Release|Any CPU = Release|Any CPU
		Release|iPhone = Release|iPhone
		Release|iPhoneSimulator = Release|iPhoneSimulator
	EndGlobalSection
	GlobalSection(ProjectConfigurationPlatforms) = postSolution
		{7159996A-4248-436D-9111-49DABB895B90}.Debug|Any CPU.ActiveCfg = Debug|Any CPU
		{7159996A-4248-436D-9111-49DABB895B90}.Debug|Any CPU.Build.0 = Debug|Any CPU
		{7159996A-4248-436D-9111-49DABB895B90}.Debug|iPhone.ActiveCfg = Debug|Any CPU
		{7159996A-4248-436D-9111-49DABB895B90}.Debug|iPhone.Build.0 = Debug|Any CPU
		{7159996A-4248-436D-9111-49DABB895B90}.Debug|iPhoneSimulator.ActiveCfg = Debug|Any CPU
		{7159996A-4248-436D-9111-49DABB895B90}.Debug|iPhoneSimulator.Build.0 = Debug|Any CPU
		{7159996A-4248-436D-9111-49DABB895B90}.Release|Any CPU.ActiveCfg = Release|Any CPU
		{7159996A-4248-436D-9111-49DABB895B90}.Release|Any CPU.Build.0 = Release|Any CPU
		{7159996A-4248-436D-9111-49DABB895B90}.Release|iPhone.ActiveCfg = Release|Any CPU
		{7159996A-4248-436D-9111-49DABB895B90}.Release|iPhone.Build.0 = Release|Any CPU
		{7159996A-4248-436D-9111-49DABB895B90}.Release|iPhoneSimulator.ActiveCfg = Release|Any CPU
		{7159996A-4248-436D-9111-49DABB895B90}.Release|iPhoneSimulator.Build.0 = Release|Any CPU
		{A77645E0-AE5C-4A88-8AF4-34E3976EEA67}.Debug|Any CPU.ActiveCfg = Debug|Any CPU
		{A77645E0-AE5C-4A88-8AF4-34E3976EEA67}.Debug|Any CPU.Build.0 = Debug|Any CPU
		{A77645E0-AE5C-4A88-8AF4-34E3976EEA67}.Debug|iPhone.ActiveCfg = Debug|Any CPU
		{A77645E0-AE5C-4A88-8AF4-34E3976EEA67}.Debug|iPhone.Build.0 = Debug|Any CPU
		{A77645E0-AE5C-4A88-8AF4-34E3976EEA67}.Debug|iPhoneSimulator.ActiveCfg = Debug|Any CPU
		{A77645E0-AE5C-4A88-8AF4-34E3976EEA67}.Debug|iPhoneSimulator.Build.0 = Debug|Any CPU
		{A77645E0-AE5C-4A88-8AF4-34E3976EEA67}.Release|Any CPU.ActiveCfg = Release|Any CPU
		{A77645E0-AE5C-4A88-8AF4-34E3976EEA67}.Release|Any CPU.Build.0 = Release|Any CPU
		{A77645E0-AE5C-4A88-8AF4-34E3976EEA67}.Release|iPhone.ActiveCfg = Release|Any CPU
		{A77645E0-AE5C-4A88-8AF4-34E3976EEA67}.Release|iPhone.Build.0 = Release|Any CPU
		{A77645E0-AE5C-4A88-8AF4-34E3976EEA67}.Release|iPhoneSimulator.ActiveCfg = Release|Any CPU
		{A77645E0-AE5C-4A88-8AF4-34E3976EEA67}.Release|iPhoneSimulator.Build.0 = Release|Any CPU
	EndGlobalSection
	GlobalSection(SolutionProperties) = preSolution
		HideSolutionNode = FALSE
	EndGlobalSection
	GlobalSection(NestedProjects) = preSolution
	EndGlobalSection
	GlobalSection(ExtensibilityGlobals) = postSolution
		SolutionGuid = {E6708EF0-B64B-42D8-904E-42A8868BD884}
	EndGlobalSection
EndGlobal
