
Microsoft Visual Studio Solution File, Format Version 12.00
# Visual Studio Version 17
VisualStudioVersion = 17.4.33110.190
MinimumVisualStudioVersion = 10.0.40219.1
Project("{2150E333-8FDC-42A3-9474-1A3956D46DE8}") = "Solution Items", "Solution Items", "{D150415D-5689-4878-8A96-1E0F7C2A16B7}"
	ProjectSection(SolutionItems) = preProject
		Xamarim.MediaGallery.targets = Xamarim.MediaGallery.targets
	EndProjectSection
EndProject
Project("{2150E333-8FDC-42A3-9474-1A3956D46DE8}") = "Xamarin", "Xamarin", "{A71B42A2-3366-4ECF-9552-81D615A3147B}"
EndProject
Project("{9A19103F-16F7-4668-BE54-9A1E7A4F7556}") = "Sample", "Sample\Xamarin\Sample\Sample.csproj", "{B1BFA4A1-18CA-4FA3-B8C7-DDBF015D2FE4}"
EndProject
Project("{FAE04EC0-301F-11D3-BF4B-00C04F79EFBC}") = "Sample.iOS", "Sample\Xamarin\Sample.iOS\Sample.iOS.csproj", "{BBDC8652-7409-412A-A89E-2B73AE30BE3F}"
EndProject
Project("{FAE04EC0-301F-11D3-BF4B-00C04F79EFBC}") = "Sample.Android", "Sample\Xamarin\Sample.Android\Sample.Android.csproj", "{BCD673BA-76A4-4140-AE17-32F3CBD1F245}"
EndProject
Project("{2150E333-8FDC-42A3-9474-1A3956D46DE8}") = "Common", "Common", "{A6634239-EF41-487C-B2AC-BFF05694E067}"
	ProjectSection(SolutionItems) = preProject
		Sample\Common\Sample.Common.targets = Sample\Common\Sample.Common.targets
	EndProjectSection
EndProject
Project("{9A19103F-16F7-4668-BE54-9A1E7A4F7556}") = "Sample.Common", "Sample\Common\Xamarin\Sample.Common.csproj", "{167A2155-4D54-4C50-BF39-B3667AC3DCE7}"
EndProject
Global
	GlobalSection(SolutionConfigurationPlatforms) = preSolution
		Debug|Any CPU = Debug|Any CPU
		Debug|iPhone = Debug|iPhone
		Debug|iPhoneSimulator = Debug|iPhoneSimulator
		Release|Any CPU = Release|Any CPU
		Release|iPhone = Release|iPhone
		Release|iPhoneSimulator = Release|iPhoneSimulator
	EndGlobalSection
	GlobalSection(ProjectConfigurationPlatforms) = postSolution
		{B1BFA4A1-18CA-4FA3-B8C7-DDBF015D2FE4}.Debug|Any CPU.ActiveCfg = Debug|Any CPU
		{B1BFA4A1-18CA-4FA3-B8C7-DDBF015D2FE4}.Debug|Any CPU.Build.0 = Debug|Any CPU
		{B1BFA4A1-18CA-4FA3-B8C7-DDBF015D2FE4}.Debug|iPhone.ActiveCfg = Debug|Any CPU
		{B1BFA4A1-18CA-4FA3-B8C7-DDBF015D2FE4}.Debug|iPhone.Build.0 = Debug|Any CPU
		{B1BFA4A1-18CA-4FA3-B8C7-DDBF015D2FE4}.Debug|iPhoneSimulator.ActiveCfg = Debug|Any CPU
		{B1BFA4A1-18CA-4FA3-B8C7-DDBF015D2FE4}.Debug|iPhoneSimulator.Build.0 = Debug|Any CPU
		{B1BFA4A1-18CA-4FA3-B8C7-DDBF015D2FE4}.Release|Any CPU.ActiveCfg = Release|Any CPU
		{B1BFA4A1-18CA-4FA3-B8C7-DDBF015D2FE4}.Release|Any CPU.Build.0 = Release|Any CPU
		{B1BFA4A1-18CA-4FA3-B8C7-DDBF015D2FE4}.Release|iPhone.ActiveCfg = Release|Any CPU
		{B1BFA4A1-18CA-4FA3-B8C7-DDBF015D2FE4}.Release|iPhone.Build.0 = Release|Any CPU
		{B1BFA4A1-18CA-4FA3-B8C7-DDBF015D2FE4}.Release|iPhoneSimulator.ActiveCfg = Release|Any CPU
		{B1BFA4A1-18CA-4FA3-B8C7-DDBF015D2FE4}.Release|iPhoneSimulator.Build.0 = Release|Any CPU
		{BBDC8652-7409-412A-A89E-2B73AE30BE3F}.Debug|Any CPU.ActiveCfg = Debug|iPhoneSimulator
		{BBDC8652-7409-412A-A89E-2B73AE30BE3F}.Debug|Any CPU.Build.0 = Debug|iPhoneSimulator
		{BBDC8652-7409-412A-A89E-2B73AE30BE3F}.Debug|iPhone.ActiveCfg = Debug|iPhone
		{BBDC8652-7409-412A-A89E-2B73AE30BE3F}.Debug|iPhone.Build.0 = Debug|iPhone
		{BBDC8652-7409-412A-A89E-2B73AE30BE3F}.Debug|iPhoneSimulator.ActiveCfg = Debug|iPhoneSimulator
		{BBDC8652-7409-412A-A89E-2B73AE30BE3F}.Debug|iPhoneSimulator.Build.0 = Debug|iPhoneSimulator
		{BBDC8652-7409-412A-A89E-2B73AE30BE3F}.Release|Any CPU.ActiveCfg = Release|iPhoneSimulator
		{BBDC8652-7409-412A-A89E-2B73AE30BE3F}.Release|Any CPU.Build.0 = Release|iPhoneSimulator
		{BBDC8652-7409-412A-A89E-2B73AE30BE3F}.Release|iPhone.ActiveCfg = Release|iPhone
		{BBDC8652-7409-412A-A89E-2B73AE30BE3F}.Release|iPhone.Build.0 = Release|iPhone
		{BBDC8652-7409-412A-A89E-2B73AE30BE3F}.Release|iPhoneSimulator.ActiveCfg = Release|iPhoneSimulator
		{BBDC8652-7409-412A-A89E-2B73AE30BE3F}.Release|iPhoneSimulator.Build.0 = Release|iPhoneSimulator
		{BCD673BA-76A4-4140-AE17-32F3CBD1F245}.Debug|Any CPU.ActiveCfg = Debug|Any CPU
		{BCD673BA-76A4-4140-AE17-32F3CBD1F245}.Debug|Any CPU.Build.0 = Debug|Any CPU
		{BCD673BA-76A4-4140-AE17-32F3CBD1F245}.Debug|Any CPU.Deploy.0 = Debug|Any CPU
		{BCD673BA-76A4-4140-AE17-32F3CBD1F245}.Debug|iPhone.ActiveCfg = Debug|Any CPU
		{BCD673BA-76A4-4140-AE17-32F3CBD1F245}.Debug|iPhone.Build.0 = Debug|Any CPU
		{BCD673BA-76A4-4140-AE17-32F3CBD1F245}.Debug|iPhoneSimulator.ActiveCfg = Debug|Any CPU
		{BCD673BA-76A4-4140-AE17-32F3CBD1F245}.Debug|iPhoneSimulator.Build.0 = Debug|Any CPU
		{BCD673BA-76A4-4140-AE17-32F3CBD1F245}.Release|Any CPU.ActiveCfg = Release|Any CPU
		{BCD673BA-76A4-4140-AE17-32F3CBD1F245}.Release|Any CPU.Build.0 = Release|Any CPU
		{BCD673BA-76A4-4140-AE17-32F3CBD1F245}.Release|iPhone.ActiveCfg = Release|Any CPU
		{BCD673BA-76A4-4140-AE17-32F3CBD1F245}.Release|iPhone.Build.0 = Release|Any CPU
		{BCD673BA-76A4-4140-AE17-32F3CBD1F245}.Release|iPhoneSimulator.ActiveCfg = Release|Any CPU
		{BCD673BA-76A4-4140-AE17-32F3CBD1F245}.Release|iPhoneSimulator.Build.0 = Release|Any CPU
		{167A2155-4D54-4C50-BF39-B3667AC3DCE7}.Debug|Any CPU.ActiveCfg = Debug|Any CPU
		{167A2155-4D54-4C50-BF39-B3667AC3DCE7}.Debug|Any CPU.Build.0 = Debug|Any CPU
		{167A2155-4D54-4C50-BF39-B3667AC3DCE7}.Debug|iPhone.ActiveCfg = Debug|Any CPU
		{167A2155-4D54-4C50-BF39-B3667AC3DCE7}.Debug|iPhone.Build.0 = Debug|Any CPU
		{167A2155-4D54-4C50-BF39-B3667AC3DCE7}.Debug|iPhoneSimulator.ActiveCfg = Debug|Any CPU
		{167A2155-4D54-4C50-BF39-B3667AC3DCE7}.Debug|iPhoneSimulator.Build.0 = Debug|Any CPU
		{167A2155-4D54-4C50-BF39-B3667AC3DCE7}.Release|Any CPU.ActiveCfg = Release|Any CPU
		{167A2155-4D54-4C50-BF39-B3667AC3DCE7}.Release|Any CPU.Build.0 = Release|Any CPU
		{167A2155-4D54-4C50-BF39-B3667AC3DCE7}.Release|iPhone.ActiveCfg = Release|Any CPU
		{167A2155-4D54-4C50-BF39-B3667AC3DCE7}.Release|iPhone.Build.0 = Release|Any CPU
		{167A2155-4D54-4C50-BF39-B3667AC3DCE7}.Release|iPhoneSimulator.ActiveCfg = Release|Any CPU
		{167A2155-4D54-4C50-BF39-B3667AC3DCE7}.Release|iPhoneSimulator.Build.0 = Release|Any CPU
	EndGlobalSection
	GlobalSection(SolutionProperties) = preSolution
		HideSolutionNode = FALSE
	EndGlobalSection
	GlobalSection(NestedProjects) = preSolution
		{B1BFA4A1-18CA-4FA3-B8C7-DDBF015D2FE4} = {A71B42A2-3366-4ECF-9552-81D615A3147B}
		{BBDC8652-7409-412A-A89E-2B73AE30BE3F} = {A71B42A2-3366-4ECF-9552-81D615A3147B}
		{BCD673BA-76A4-4140-AE17-32F3CBD1F245} = {A71B42A2-3366-4ECF-9552-81D615A3147B}
		{167A2155-4D54-4C50-BF39-B3667AC3DCE7} = {A6634239-EF41-487C-B2AC-BFF05694E067}
	EndGlobalSection
	GlobalSection(ExtensibilityGlobals) = postSolution
		SolutionGuid = {E6708EF0-B64B-42D8-904E-42A8868BD884}
	EndGlobalSection
EndGlobal
