
Microsoft Visual Studio Solution File, Format Version 12.00
Project("{9A19103F-16F7-4668-BE54-9A1E7A4F7556}") = "MediaGallery", "MediaGallery\MediaGallery.csproj", "{7159996A-4248-436D-9111-49DABB895B90}"
EndProject
Project("{FAE04EC0-301F-11D3-BF4B-00C04F79EFBC}") = "Sample", "Sample\Sample.csproj", "{A77645E0-AE5C-4A88-8AF4-34E3976EEA67}"
EndProject
Global
	GlobalSection(SolutionConfigurationPlatforms) = preSolution
		Debug|Any CPU = Debug|Any CPU
		Release|Any CPU = Release|Any CPU
	EndGlobalSection
	GlobalSection(ProjectConfigurationPlatforms) = postSolution
		{A77645E0-AE5C-4A88-8AF4-34E3976EEA67}.Debug|Any CPU.ActiveCfg = Debug|Any CPU
		{A77645E0-AE5C-4A88-8AF4-34E3976EEA67}.Debug|Any CPU.Build.0 = Debug|Any CPU
		{A77645E0-AE5C-4A88-8AF4-34E3976EEA67}.Release|Any CPU.ActiveCfg = Release|Any CPU
		{A77645E0-AE5C-4A88-8AF4-34E3976EEA67}.Release|Any CPU.Build.0 = Release|Any CPU
		{A77645E0-AE5C-4A88-8AF4-34E3976EEA67}.Debug|Any CPU.Deploy.0 = Debug|Any CPU
		{A77645E0-AE5C-4A88-8AF4-34E3976EEA67}.Release|Any CPU.Deploy.0 = Release|Any CPU
		{7159996A-4248-436D-9111-49DABB895B90}.Debug|Any CPU.ActiveCfg = Debug|Any CPU
		{7159996A-4248-436D-9111-49DABB895B90}.Debug|Any CPU.Build.0 = Debug|Any CPU
		{7159996A-4248-436D-9111-49DABB895B90}.Release|Any CPU.ActiveCfg = Release|Any CPU
		{7159996A-4248-436D-9111-49DABB895B90}.Release|Any CPU.Build.0 = Release|Any CPU
	EndGlobalSection
EndGlobal
