
Microsoft Visual Studio Solution File, Format Version 12.00
# Visual Studio Version 17
VisualStudioVersion = 17.4.33110.190
MinimumVisualStudioVersion = 10.0.40219.1
Project("{2150E333-8FDC-42A3-9474-1A3956D46DE8}") = "Sample", "Sample", "{BE068687-B9EA-47AC-9D85-6E863B63C0D1}"
EndProject
Project("{9A19103F-16F7-4668-BE54-9A1E7A4F7556}") = "MediaGallery", "MediaGallery\MediaGallery.csproj", "{7159996A-4248-436D-9111-49DABB895B90}"
EndProject
Project("{2150E333-8FDC-42A3-9474-1A3956D46DE8}") = "Permission", "Permission", "{F72A7CFF-50F9-4C9F-881A-6612BD1195AD}"
	ProjectSection(SolutionItems) = preProject
		Permission\Xamarim.MediaGallery.Permission.targets = Permission\Xamarim.MediaGallery.Permission.targets
	EndProjectSection
EndProject
Project("{9A19103F-16F7-4668-BE54-9A1E7A4F7556}") = "Permission.Maui", "Permission\Maui\Permission.Maui.csproj", "{4901C8AC-333B-4B7E-945F-D399AD80D330}"
EndProject
Project("{9A19103F-16F7-4668-BE54-9A1E7A4F7556}") = "Permission", "Permission\Xamarin\Permission.csproj", "{51308857-DA73-4827-A8CD-3AA5243D85A1}"
EndProject
Project("{2150E333-8FDC-42A3-9474-1A3956D46DE8}") = "Xamarin", "Xamarin", "{A71B42A2-3366-4ECF-9552-81D615A3147B}"
EndProject
Project("{9A19103F-16F7-4668-BE54-9A1E7A4F7556}") = "Sample", "Sample\Xamarin\Sample\Sample.csproj", "{B1BFA4A1-18CA-4FA3-B8C7-DDBF015D2FE4}"
EndProject
Project("{FAE04EC0-301F-11D3-BF4B-00C04F79EFBC}") = "Sample.iOS", "Sample\Xamarin\Sample.iOS\Sample.iOS.csproj", "{BBDC8652-7409-412A-A89E-2B73AE30BE3F}"
EndProject
Project("{FAE04EC0-301F-11D3-BF4B-00C04F79EFBC}") = "Sample.Android", "Sample\Xamarin\Sample.Android\Sample.Android.csproj", "{BCD673BA-76A4-4140-AE17-32F3CBD1F245}"
EndProject
Project("{9A19103F-16F7-4668-BE54-9A1E7A4F7556}") = "Sample.Maui", "Sample\MAUI\Sample.Maui.csproj", "{05CBE373-2670-43A5-BD9A-0428057D04C9}"
EndProject
Project("{2150E333-8FDC-42A3-9474-1A3956D46DE8}") = "Common", "Common", "{8A7E842F-FB58-4BAB-953B-592AD6183F88}"
	ProjectSection(SolutionItems) = preProject
		Sample\Common\Sample.Common.targets = Sample\Common\Sample.Common.targets
	EndProjectSection
EndProject
Project("{9A19103F-16F7-4668-BE54-9A1E7A4F7556}") = "Sample.Common.Maui", "Sample\Common\Maui\Sample.Common.Maui.csproj", "{D93BB07D-3588-4655-BCA5-B7ACA17A7AFD}"
EndProject
Project("{9A19103F-16F7-4668-BE54-9A1E7A4F7556}") = "Sample.Common", "Sample\Common\Xamarin\Sample.Common.csproj", "{05397A28-7CAE-4AE8-8946-CEBF822F7B91}"
EndProject
Project("{2150E333-8FDC-42A3-9474-1A3956D46DE8}") = "Solution Items", "Solution Items", "{F337CBA8-48D0-4AAA-96A7-A149DB693136}"
	ProjectSection(SolutionItems) = preProject
		Xamarim.MediaGallery.targets = Xamarim.MediaGallery.targets
	EndProjectSection
EndProject
Global
	GlobalSection(SolutionConfigurationPlatforms) = preSolution
		Debug|Any CPU = Debug|Any CPU
		Debug|iPhone = Debug|iPhone
		Debug|iPhoneSimulator = Debug|iPhoneSimulator
		Release|Any CPU = Release|Any CPU
		Release|iPhone = Release|iPhone
		Release|iPhoneSimulator = Release|iPhoneSimulator
	EndGlobalSection
	GlobalSection(ProjectConfigurationPlatforms) = postSolution
		{7159996A-4248-436D-9111-49DABB895B90}.Debug|Any CPU.ActiveCfg = Debug|Any CPU
		{7159996A-4248-436D-9111-49DABB895B90}.Debug|Any CPU.Build.0 = Debug|Any CPU
		{7159996A-4248-436D-9111-49DABB895B90}.Debug|iPhone.ActiveCfg = Debug|Any CPU
		{7159996A-4248-436D-9111-49DABB895B90}.Debug|iPhone.Build.0 = Debug|Any CPU
		{7159996A-4248-436D-9111-49DABB895B90}.Debug|iPhoneSimulator.ActiveCfg = Debug|Any CPU
		{7159996A-4248-436D-9111-49DABB895B90}.Debug|iPhoneSimulator.Build.0 = Debug|Any CPU
		{7159996A-4248-436D-9111-49DABB895B90}.Release|Any CPU.ActiveCfg = Release|Any CPU
		{7159996A-4248-436D-9111-49DABB895B90}.Release|Any CPU.Build.0 = Release|Any CPU
		{7159996A-4248-436D-9111-49DABB895B90}.Release|iPhone.ActiveCfg = Release|Any CPU
		{7159996A-4248-436D-9111-49DABB895B90}.Release|iPhone.Build.0 = Release|Any CPU
		{7159996A-4248-436D-9111-49DABB895B90}.Release|iPhoneSimulator.ActiveCfg = Release|Any CPU
		{7159996A-4248-436D-9111-49DABB895B90}.Release|iPhoneSimulator.Build.0 = Release|Any CPU
		{4901C8AC-333B-4B7E-945F-D399AD80D330}.Debug|Any CPU.ActiveCfg = Debug|Any CPU
		{4901C8AC-333B-4B7E-945F-D399AD80D330}.Debug|Any CPU.Build.0 = Debug|Any CPU
		{4901C8AC-333B-4B7E-945F-D399AD80D330}.Debug|iPhone.ActiveCfg = Debug|Any CPU
		{4901C8AC-333B-4B7E-945F-D399AD80D330}.Debug|iPhone.Build.0 = Debug|Any CPU
		{4901C8AC-333B-4B7E-945F-D399AD80D330}.Debug|iPhoneSimulator.ActiveCfg = Debug|Any CPU
		{4901C8AC-333B-4B7E-945F-D399AD80D330}.Debug|iPhoneSimulator.Build.0 = Debug|Any CPU
		{4901C8AC-333B-4B7E-945F-D399AD80D330}.Release|Any CPU.ActiveCfg = Release|Any CPU
		{4901C8AC-333B-4B7E-945F-D399AD80D330}.Release|Any CPU.Build.0 = Release|Any CPU
		{4901C8AC-333B-4B7E-945F-D399AD80D330}.Release|iPhone.ActiveCfg = Release|Any CPU
		{4901C8AC-333B-4B7E-945F-D399AD80D330}.Release|iPhone.Build.0 = Release|Any CPU
		{4901C8AC-333B-4B7E-945F-D399AD80D330}.Release|iPhoneSimulator.ActiveCfg = Release|Any CPU
		{4901C8AC-333B-4B7E-945F-D399AD80D330}.Release|iPhoneSimulator.Build.0 = Release|Any CPU
		{51308857-DA73-4827-A8CD-3AA5243D85A1}.Debug|Any CPU.ActiveCfg = Debug|Any CPU
		{51308857-DA73-4827-A8CD-3AA5243D85A1}.Debug|Any CPU.Build.0 = Debug|Any CPU
		{51308857-DA73-4827-A8CD-3AA5243D85A1}.Debug|iPhone.ActiveCfg = Debug|Any CPU
		{51308857-DA73-4827-A8CD-3AA5243D85A1}.Debug|iPhone.Build.0 = Debug|Any CPU
		{51308857-DA73-4827-A8CD-3AA5243D85A1}.Debug|iPhoneSimulator.ActiveCfg = Debug|Any CPU
		{51308857-DA73-4827-A8CD-3AA5243D85A1}.Debug|iPhoneSimulator.Build.0 = Debug|Any CPU
		{51308857-DA73-4827-A8CD-3AA5243D85A1}.Release|Any CPU.ActiveCfg = Release|Any CPU
		{51308857-DA73-4827-A8CD-3AA5243D85A1}.Release|Any CPU.Build.0 = Release|Any CPU
		{51308857-DA73-4827-A8CD-3AA5243D85A1}.Release|iPhone.ActiveCfg = Release|Any CPU
		{51308857-DA73-4827-A8CD-3AA5243D85A1}.Release|iPhone.Build.0 = Release|Any CPU
		{51308857-DA73-4827-A8CD-3AA5243D85A1}.Release|iPhoneSimulator.ActiveCfg = Release|Any CPU
		{51308857-DA73-4827-A8CD-3AA5243D85A1}.Release|iPhoneSimulator.Build.0 = Release|Any CPU
		{B1BFA4A1-18CA-4FA3-B8C7-DDBF015D2FE4}.Debug|Any CPU.ActiveCfg = Debug|Any CPU
		{B1BFA4A1-18CA-4FA3-B8C7-DDBF015D2FE4}.Debug|Any CPU.Build.0 = Debug|Any CPU
		{B1BFA4A1-18CA-4FA3-B8C7-DDBF015D2FE4}.Debug|iPhone.ActiveCfg = Debug|Any CPU
		{B1BFA4A1-18CA-4FA3-B8C7-DDBF015D2FE4}.Debug|iPhone.Build.0 = Debug|Any CPU
		{B1BFA4A1-18CA-4FA3-B8C7-DDBF015D2FE4}.Debug|iPhoneSimulator.ActiveCfg = Debug|Any CPU
		{B1BFA4A1-18CA-4FA3-B8C7-DDBF015D2FE4}.Debug|iPhoneSimulator.Build.0 = Debug|Any CPU
		{B1BFA4A1-18CA-4FA3-B8C7-DDBF015D2FE4}.Release|Any CPU.ActiveCfg = Release|Any CPU
		{B1BFA4A1-18CA-4FA3-B8C7-DDBF015D2FE4}.Release|Any CPU.Build.0 = Release|Any CPU
		{B1BFA4A1-18CA-4FA3-B8C7-DDBF015D2FE4}.Release|iPhone.ActiveCfg = Release|Any CPU
		{B1BFA4A1-18CA-4FA3-B8C7-DDBF015D2FE4}.Release|iPhone.Build.0 = Release|Any CPU
		{B1BFA4A1-18CA-4FA3-B8C7-DDBF015D2FE4}.Release|iPhoneSimulator.ActiveCfg = Release|Any CPU
		{B1BFA4A1-18CA-4FA3-B8C7-DDBF015D2FE4}.Release|iPhoneSimulator.Build.0 = Release|Any CPU
		{BBDC8652-7409-412A-A89E-2B73AE30BE3F}.Debug|Any CPU.ActiveCfg = Debug|iPhoneSimulator
		{BBDC8652-7409-412A-A89E-2B73AE30BE3F}.Debug|Any CPU.Build.0 = Debug|iPhoneSimulator
		{BBDC8652-7409-412A-A89E-2B73AE30BE3F}.Debug|iPhone.ActiveCfg = Debug|iPhone
		{BBDC8652-7409-412A-A89E-2B73AE30BE3F}.Debug|iPhone.Build.0 = Debug|iPhone
		{BBDC8652-7409-412A-A89E-2B73AE30BE3F}.Debug|iPhoneSimulator.ActiveCfg = Debug|iPhoneSimulator
		{BBDC8652-7409-412A-A89E-2B73AE30BE3F}.Debug|iPhoneSimulator.Build.0 = Debug|iPhoneSimulator
		{BBDC8652-7409-412A-A89E-2B73AE30BE3F}.Release|Any CPU.ActiveCfg = Release|iPhoneSimulator
		{BBDC8652-7409-412A-A89E-2B73AE30BE3F}.Release|Any CPU.Build.0 = Release|iPhoneSimulator
		{BBDC8652-7409-412A-A89E-2B73AE30BE3F}.Release|iPhone.ActiveCfg = Release|iPhone
		{BBDC8652-7409-412A-A89E-2B73AE30BE3F}.Release|iPhone.Build.0 = Release|iPhone
		{BBDC8652-7409-412A-A89E-2B73AE30BE3F}.Release|iPhoneSimulator.ActiveCfg = Release|iPhoneSimulator
		{BBDC8652-7409-412A-A89E-2B73AE30BE3F}.Release|iPhoneSimulator.Build.0 = Release|iPhoneSimulator
		{BCD673BA-76A4-4140-AE17-32F3CBD1F245}.Debug|Any CPU.ActiveCfg = Debug|Any CPU
		{BCD673BA-76A4-4140-AE17-32F3CBD1F245}.Debug|Any CPU.Build.0 = Debug|Any CPU
		{BCD673BA-76A4-4140-AE17-32F3CBD1F245}.Debug|Any CPU.Deploy.0 = Debug|Any CPU
		{BCD673BA-76A4-4140-AE17-32F3CBD1F245}.Debug|iPhone.ActiveCfg = Debug|Any CPU
		{BCD673BA-76A4-4140-AE17-32F3CBD1F245}.Debug|iPhone.Build.0 = Debug|Any CPU
		{BCD673BA-76A4-4140-AE17-32F3CBD1F245}.Debug|iPhoneSimulator.ActiveCfg = Debug|Any CPU
		{BCD673BA-76A4-4140-AE17-32F3CBD1F245}.Debug|iPhoneSimulator.Build.0 = Debug|Any CPU
		{BCD673BA-76A4-4140-AE17-32F3CBD1F245}.Release|Any CPU.ActiveCfg = Release|Any CPU
		{BCD673BA-76A4-4140-AE17-32F3CBD1F245}.Release|Any CPU.Build.0 = Release|Any CPU
		{BCD673BA-76A4-4140-AE17-32F3CBD1F245}.Release|iPhone.ActiveCfg = Release|Any CPU
		{BCD673BA-76A4-4140-AE17-32F3CBD1F245}.Release|iPhone.Build.0 = Release|Any CPU
		{BCD673BA-76A4-4140-AE17-32F3CBD1F245}.Release|iPhoneSimulator.ActiveCfg = Release|Any CPU
		{BCD673BA-76A4-4140-AE17-32F3CBD1F245}.Release|iPhoneSimulator.Build.0 = Release|Any CPU
		{05CBE373-2670-43A5-BD9A-0428057D04C9}.Debug|Any CPU.ActiveCfg = Debug|Any CPU
		{05CBE373-2670-43A5-BD9A-0428057D04C9}.Debug|Any CPU.Build.0 = Debug|Any CPU
		{05CBE373-2670-43A5-BD9A-0428057D04C9}.Debug|Any CPU.Deploy.0 = Debug|Any CPU
		{05CBE373-2670-43A5-BD9A-0428057D04C9}.Debug|iPhone.ActiveCfg = Debug|Any CPU
		{05CBE373-2670-43A5-BD9A-0428057D04C9}.Debug|iPhone.Build.0 = Debug|Any CPU
		{05CBE373-2670-43A5-BD9A-0428057D04C9}.Debug|iPhone.Deploy.0 = Debug|Any CPU
		{05CBE373-2670-43A5-BD9A-0428057D04C9}.Debug|iPhoneSimulator.ActiveCfg = Debug|Any CPU
		{05CBE373-2670-43A5-BD9A-0428057D04C9}.Debug|iPhoneSimulator.Build.0 = Debug|Any CPU
		{05CBE373-2670-43A5-BD9A-0428057D04C9}.Debug|iPhoneSimulator.Deploy.0 = Debug|Any CPU
		{05CBE373-2670-43A5-BD9A-0428057D04C9}.Release|Any CPU.ActiveCfg = Release|Any CPU
		{05CBE373-2670-43A5-BD9A-0428057D04C9}.Release|Any CPU.Build.0 = Release|Any CPU
		{05CBE373-2670-43A5-BD9A-0428057D04C9}.Release|iPhone.ActiveCfg = Release|Any CPU
		{05CBE373-2670-43A5-BD9A-0428057D04C9}.Release|iPhone.Build.0 = Release|Any CPU
		{05CBE373-2670-43A5-BD9A-0428057D04C9}.Release|iPhoneSimulator.ActiveCfg = Release|Any CPU
		{05CBE373-2670-43A5-BD9A-0428057D04C9}.Release|iPhoneSimulator.Build.0 = Release|Any CPU
		{D93BB07D-3588-4655-BCA5-B7ACA17A7AFD}.Debug|Any CPU.ActiveCfg = Debug|Any CPU
		{D93BB07D-3588-4655-BCA5-B7ACA17A7AFD}.Debug|Any CPU.Build.0 = Debug|Any CPU
		{D93BB07D-3588-4655-BCA5-B7ACA17A7AFD}.Debug|iPhone.ActiveCfg = Debug|Any CPU
		{D93BB07D-3588-4655-BCA5-B7ACA17A7AFD}.Debug|iPhone.Build.0 = Debug|Any CPU
		{D93BB07D-3588-4655-BCA5-B7ACA17A7AFD}.Debug|iPhoneSimulator.ActiveCfg = Debug|Any CPU
		{D93BB07D-3588-4655-BCA5-B7ACA17A7AFD}.Debug|iPhoneSimulator.Build.0 = Debug|Any CPU
		{D93BB07D-3588-4655-BCA5-B7ACA17A7AFD}.Release|Any CPU.ActiveCfg = Release|Any CPU
		{D93BB07D-3588-4655-BCA5-B7ACA17A7AFD}.Release|Any CPU.Build.0 = Release|Any CPU
		{D93BB07D-3588-4655-BCA5-B7ACA17A7AFD}.Release|iPhone.ActiveCfg = Release|Any CPU
		{D93BB07D-3588-4655-BCA5-B7ACA17A7AFD}.Release|iPhone.Build.0 = Release|Any CPU
		{D93BB07D-3588-4655-BCA5-B7ACA17A7AFD}.Release|iPhoneSimulator.ActiveCfg = Release|Any CPU
		{D93BB07D-3588-4655-BCA5-B7ACA17A7AFD}.Release|iPhoneSimulator.Build.0 = Release|Any CPU
		{05397A28-7CAE-4AE8-8946-CEBF822F7B91}.Debug|Any CPU.ActiveCfg = Debug|Any CPU
		{05397A28-7CAE-4AE8-8946-CEBF822F7B91}.Debug|Any CPU.Build.0 = Debug|Any CPU
		{05397A28-7CAE-4AE8-8946-CEBF822F7B91}.Debug|iPhone.ActiveCfg = Debug|Any CPU
		{05397A28-7CAE-4AE8-8946-CEBF822F7B91}.Debug|iPhone.Build.0 = Debug|Any CPU
		{05397A28-7CAE-4AE8-8946-CEBF822F7B91}.Debug|iPhoneSimulator.ActiveCfg = Debug|Any CPU
		{05397A28-7CAE-4AE8-8946-CEBF822F7B91}.Debug|iPhoneSimulator.Build.0 = Debug|Any CPU
		{05397A28-7CAE-4AE8-8946-CEBF822F7B91}.Release|Any CPU.ActiveCfg = Release|Any CPU
		{05397A28-7CAE-4AE8-8946-CEBF822F7B91}.Release|Any CPU.Build.0 = Release|Any CPU
		{05397A28-7CAE-4AE8-8946-CEBF822F7B91}.Release|iPhone.ActiveCfg = Release|Any CPU
		{05397A28-7CAE-4AE8-8946-CEBF822F7B91}.Release|iPhone.Build.0 = Release|Any CPU
		{05397A28-7CAE-4AE8-8946-CEBF822F7B91}.Release|iPhoneSimulator.ActiveCfg = Release|Any CPU
		{05397A28-7CAE-4AE8-8946-CEBF822F7B91}.Release|iPhoneSimulator.Build.0 = Release|Any CPU
	EndGlobalSection
	GlobalSection(SolutionProperties) = preSolution
		HideSolutionNode = FALSE
	EndGlobalSection
	GlobalSection(NestedProjects) = preSolution
		{4901C8AC-333B-4B7E-945F-D399AD80D330} = {F72A7CFF-50F9-4C9F-881A-6612BD1195AD}
		{51308857-DA73-4827-A8CD-3AA5243D85A1} = {F72A7CFF-50F9-4C9F-881A-6612BD1195AD}
		{A71B42A2-3366-4ECF-9552-81D615A3147B} = {BE068687-B9EA-47AC-9D85-6E863B63C0D1}
		{B1BFA4A1-18CA-4FA3-B8C7-DDBF015D2FE4} = {A71B42A2-3366-4ECF-9552-81D615A3147B}
		{BBDC8652-7409-412A-A89E-2B73AE30BE3F} = {A71B42A2-3366-4ECF-9552-81D615A3147B}
		{BCD673BA-76A4-4140-AE17-32F3CBD1F245} = {A71B42A2-3366-4ECF-9552-81D615A3147B}
		{05CBE373-2670-43A5-BD9A-0428057D04C9} = {BE068687-B9EA-47AC-9D85-6E863B63C0D1}
		{8A7E842F-FB58-4BAB-953B-592AD6183F88} = {BE068687-B9EA-47AC-9D85-6E863B63C0D1}
		{D93BB07D-3588-4655-BCA5-B7ACA17A7AFD} = {8A7E842F-FB58-4BAB-953B-592AD6183F88}
		{05397A28-7CAE-4AE8-8946-CEBF822F7B91} = {8A7E842F-FB58-4BAB-953B-592AD6183F88}
	EndGlobalSection
	GlobalSection(ExtensibilityGlobals) = postSolution
		SolutionGuid = {E6708EF0-B64B-42D8-904E-42A8868BD884}
	EndGlobalSection
EndGlobal
