
Microsoft Visual Studio Solution File, Format Version 12.00
# Visual Studio Version 17
VisualStudioVersion = 17.4.33110.190
MinimumVisualStudioVersion = 10.0.40219.1
Project("{2150E333-8FDC-42A3-9474-1A3956D46DE8}") = "Solution Items", "Solution Items", "{D150415D-5689-4878-8A96-1E0F7C2A16B7}"
	ProjectSection(SolutionItems) = preProject
		Xamarim.MediaGallery.targets = Xamarim.MediaGallery.targets
	EndProjectSection
EndProject
Project("{2150E333-8FDC-42A3-9474-1A3956D46DE8}") = "Xamarin", "Xamarin", "{A71B42A2-3366-4ECF-9552-81D615A3147B}"
EndProject
Project("{FAE04EC0-301F-11D3-BF4B-00C04F79EFBC}") = "Sample.Common.Maui", "Sample\Common\Sample.Common.Maui.csproj", "{BAA60CEE-25E1-4645-BDC9-6C00D5E8DAE2}"
EndProject
Project("{FAE04EC0-301F-11D3-BF4B-00C04F79EFBC}") = "Sample.Maui", "Sample\MAUI\Sample.Maui.csproj", "{32C691A8-7133-4D26-B4B7-B8C8792F238C}"
EndProject
Global
	GlobalSection(SolutionConfigurationPlatforms) = preSolution
		Debug|Any CPU = Debug|Any CPU
		Debug|iPhone = Debug|iPhone
		Debug|iPhoneSimulator = Debug|iPhoneSimulator
		Release|Any CPU = Release|Any CPU
		Release|iPhone = Release|iPhone
		Release|iPhoneSimulator = Release|iPhoneSimulator
	EndGlobalSection
	GlobalSection(ProjectConfigurationPlatforms) = postSolution
		{BAA60CEE-25E1-4645-BDC9-6C00D5E8DAE2}.Debug|Any CPU.ActiveCfg = Debug|Any CPU
		{BAA60CEE-25E1-4645-BDC9-6C00D5E8DAE2}.Debug|Any CPU.Build.0 = Debug|Any CPU
		{BAA60CEE-25E1-4645-BDC9-6C00D5E8DAE2}.Debug|iPhone.ActiveCfg = Debug|Any CPU
		{BAA60CEE-25E1-4645-BDC9-6C00D5E8DAE2}.Debug|iPhone.Build.0 = Debug|Any CPU
		{BAA60CEE-25E1-4645-BDC9-6C00D5E8DAE2}.Debug|iPhoneSimulator.ActiveCfg = Debug|Any CPU
		{BAA60CEE-25E1-4645-BDC9-6C00D5E8DAE2}.Debug|iPhoneSimulator.Build.0 = Debug|Any CPU
		{BAA60CEE-25E1-4645-BDC9-6C00D5E8DAE2}.Release|Any CPU.ActiveCfg = Release|Any CPU
		{BAA60CEE-25E1-4645-BDC9-6C00D5E8DAE2}.Release|Any CPU.Build.0 = Release|Any CPU
		{BAA60CEE-25E1-4645-BDC9-6C00D5E8DAE2}.Release|iPhone.ActiveCfg = Release|Any CPU
		{BAA60CEE-25E1-4645-BDC9-6C00D5E8DAE2}.Release|iPhone.Build.0 = Release|Any CPU
		{BAA60CEE-25E1-4645-BDC9-6C00D5E8DAE2}.Release|iPhoneSimulator.ActiveCfg = Release|Any CPU
		{BAA60CEE-25E1-4645-BDC9-6C00D5E8DAE2}.Release|iPhoneSimulator.Build.0 = Release|Any CPU
		{32C691A8-7133-4D26-B4B7-B8C8792F238C}.Debug|Any CPU.ActiveCfg = Debug|Any CPU
		{32C691A8-7133-4D26-B4B7-B8C8792F238C}.Debug|Any CPU.Build.0 = Debug|Any CPU
		{32C691A8-7133-4D26-B4B7-B8C8792F238C}.Debug|iPhone.ActiveCfg = Debug|Any CPU
		{32C691A8-7133-4D26-B4B7-B8C8792F238C}.Debug|iPhone.Build.0 = Debug|Any CPU
		{32C691A8-7133-4D26-B4B7-B8C8792F238C}.Debug|iPhoneSimulator.ActiveCfg = Debug|Any CPU
		{32C691A8-7133-4D26-B4B7-B8C8792F238C}.Debug|iPhoneSimulator.Build.0 = Debug|Any CPU
		{32C691A8-7133-4D26-B4B7-B8C8792F238C}.Release|Any CPU.ActiveCfg = Release|Any CPU
		{32C691A8-7133-4D26-B4B7-B8C8792F238C}.Release|Any CPU.Build.0 = Release|Any CPU
		{32C691A8-7133-4D26-B4B7-B8C8792F238C}.Release|iPhone.ActiveCfg = Release|Any CPU
		{32C691A8-7133-4D26-B4B7-B8C8792F238C}.Release|iPhone.Build.0 = Release|Any CPU
		{32C691A8-7133-4D26-B4B7-B8C8792F238C}.Release|iPhoneSimulator.ActiveCfg = Release|Any CPU
		{32C691A8-7133-4D26-B4B7-B8C8792F238C}.Release|iPhoneSimulator.Build.0 = Release|Any CPU
	EndGlobalSection
	GlobalSection(SolutionProperties) = preSolution
		HideSolutionNode = FALSE
	EndGlobalSection
	GlobalSection(NestedProjects) = preSolution
	EndGlobalSection
	GlobalSection(ExtensibilityGlobals) = postSolution
		SolutionGuid = {E6708EF0-B64B-42D8-904E-42A8868BD884}
	EndGlobalSection
EndGlobal
